
Microsoft Visual Studio Solution File, Format Version 12.00
# Visual Studio Version 16
VisualStudioVersion = 16.0.31105.61
MinimumVisualStudioVersion = 10.0.40219.1
Project("{9A19103F-16F7-4668-BE54-9A1E7A4F7556}") = "OracleConfigurationBinder.Core", "OracleConfigurationBinder.Core\OracleConfigurationBinder.Core.csproj", "{B440A011-EE02-4FC5-8628-24D4E009AE58}"
EndProject
Project("{9A19103F-16F7-4668-BE54-9A1E7A4F7556}") = "OracleConfigurationBinder.Sample", "OracleConfigurationBinder.Sample\OracleConfigurationBinder.Sample.csproj", "{EDCF79ED-BD6E-44DB-8800-D580E2AAA382}"
EndProject
Global
	GlobalSection(SolutionConfigurationPlatforms) = preSolution
		Debug|Any CPU = Debug|Any CPU
		Release|Any CPU = Release|Any CPU
	EndGlobalSection
	GlobalSection(ProjectConfigurationPlatforms) = postSolution
		{B440A011-EE02-4FC5-8628-24D4E009AE58}.Debug|Any CPU.ActiveCfg = Debug|Any CPU
		{B440A011-EE02-4FC5-8628-24D4E009AE58}.Debug|Any CPU.Build.0 = Debug|Any CPU
		{B440A011-EE02-4FC5-8628-24D4E009AE58}.Release|Any CPU.ActiveCfg = Release|Any CPU
		{B440A011-EE02-4FC5-8628-24D4E009AE58}.Release|Any CPU.Build.0 = Release|Any CPU
		{EDCF79ED-BD6E-44DB-8800-D580E2AAA382}.Debug|Any CPU.ActiveCfg = Debug|Any CPU
		{EDCF79ED-BD6E-44DB-8800-D580E2AAA382}.Debug|Any CPU.Build.0 = Debug|Any CPU
		{EDCF79ED-BD6E-44DB-8800-D580E2AAA382}.Release|Any CPU.ActiveCfg = Release|Any CPU
		{EDCF79ED-BD6E-44DB-8800-D580E2AAA382}.Release|Any CPU.Build.0 = Release|Any CPU
	EndGlobalSection
	GlobalSection(SolutionProperties) = preSolution
		HideSolutionNode = FALSE
	EndGlobalSection
	GlobalSection(ExtensibilityGlobals) = postSolution
		SolutionGuid = {390B0949-D9BA-4F57-AF01-C89AD725D2FB}
	EndGlobalSection
EndGlobal
